// !$*UTF8*$!
{
	archiveVersion = 1;
	classes = {
	};
	objectVersion = 56;
	objects = {

/* Begin PBXBuildFile section */
		F9B7D2152CD637EA006F522F /* DCI_and_JRPGApp.swift in Sources */ = {isa = PBXBuildFile; fileRef = F9B7D2142CD637EA006F522F /* DCI_and_JRPGApp.swift */; };
		F9B7D2172CD637EA006F522F /* ContentView.swift in Sources */ = {isa = PBXBuildFile; fileRef = F9B7D2162CD637EA006F522F /* ContentView.swift */; };
		F9B7D2192CD637EB006F522F /* Assets.xcassets in Resources */ = {isa = PBXBuildFile; fileRef = F9B7D2182CD637EB006F522F /* Assets.xcassets */; };
		F9B7D21C2CD637EB006F522F /* Preview Assets.xcassets in Resources */ = {isa = PBXBuildFile; fileRef = F9B7D21B2CD637EB006F522F /* Preview Assets.xcassets */; };
		F9B7D2272CD637EC006F522F /* DCI_and_JRPGTests.swift in Sources */ = {isa = PBXBuildFile; fileRef = F9B7D2262CD637EC006F522F /* DCI_and_JRPGTests.swift */; };
		F9B7D2312CD637EC006F522F /* DCI_and_JRPGUITests.swift in Sources */ = {isa = PBXBuildFile; fileRef = F9B7D2302CD637EC006F522F /* DCI_and_JRPGUITests.swift */; };
		F9B7D2332CD637EC006F522F /* DCI_and_JRPGUITestsLaunchTests.swift in Sources */ = {isa = PBXBuildFile; fileRef = F9B7D2322CD637EC006F522F /* DCI_and_JRPGUITestsLaunchTests.swift */; };
/* End PBXBuildFile section */

/* Begin PBXContainerItemProxy section */
		F9B7D2232CD637EC006F522F /* PBXContainerItemProxy */ = {
			isa = PBXContainerItemProxy;
			containerPortal = F9B7D2092CD637EA006F522F /* Project object */;
			proxyType = 1;
			remoteGlobalIDString = F9B7D2102CD637EA006F522F;
			remoteInfo = DCI_and_JRPG;
		};
		F9B7D22D2CD637EC006F522F /* PBXContainerItemProxy */ = {
			isa = PBXContainerItemProxy;
			containerPortal = F9B7D2092CD637EA006F522F /* Project object */;
			proxyType = 1;
			remoteGlobalIDString = F9B7D2102CD637EA006F522F;
			remoteInfo = DCI_and_JRPG;
		};
/* End PBXContainerItemProxy section */

/* Begin PBXFileReference section */
		F9B7D2112CD637EA006F522F /* DCI_and_JRPG.app */ = {isa = PBXFileReference; explicitFileType = wrapper.application; includeInIndex = 0; path = DCI_and_JRPG.app; sourceTree = BUILT_PRODUCTS_DIR; };
		F9B7D2142CD637EA006F522F /* DCI_and_JRPGApp.swift */ = {isa = PBXFileReference; lastKnownFileType = sourcecode.swift; path = DCI_and_JRPGApp.swift; sourceTree = "<group>"; };
		F9B7D2162CD637EA006F522F /* ContentView.swift */ = {isa = PBXFileReference; lastKnownFileType = sourcecode.swift; path = ContentView.swift; sourceTree = "<group>"; };
		F9B7D2182CD637EB006F522F /* Assets.xcassets */ = {isa = PBXFileReference; lastKnownFileType = folder.assetcatalog; path = Assets.xcassets; sourceTree = "<group>"; };
		F9B7D21B2CD637EB006F522F /* Preview Assets.xcassets */ = {isa = PBXFileReference; lastKnownFileType = folder.assetcatalog; path = "Preview Assets.xcassets"; sourceTree = "<group>"; };
		F9B7D21D2CD637EB006F522F /* DCI_and_JRPG.entitlements */ = {isa = PBXFileReference; lastKnownFileType = text.plist.entitlements; path = DCI_and_JRPG.entitlements; sourceTree = "<group>"; };
		F9B7D2222CD637EC006F522F /* DCI_and_JRPGTests.xctest */ = {isa = PBXFileReference; explicitFileType = wrapper.cfbundle; includeInIndex = 0; path = DCI_and_JRPGTests.xctest; sourceTree = BUILT_PRODUCTS_DIR; };
		F9B7D2262CD637EC006F522F /* DCI_and_JRPGTests.swift */ = {isa = PBXFileReference; lastKnownFileType = sourcecode.swift; path = DCI_and_JRPGTests.swift; sourceTree = "<group>"; };
		F9B7D22C2CD637EC006F522F /* DCI_and_JRPGUITests.xctest */ = {isa = PBXFileReference; explicitFileType = wrapper.cfbundle; includeInIndex = 0; path = DCI_and_JRPGUITests.xctest; sourceTree = BUILT_PRODUCTS_DIR; };
		F9B7D2302CD637EC006F522F /* DCI_and_JRPGUITests.swift */ = {isa = PBXFileReference; lastKnownFileType = sourcecode.swift; path = DCI_and_JRPGUITests.swift; sourceTree = "<group>"; };
		F9B7D2322CD637EC006F522F /* DCI_and_JRPGUITestsLaunchTests.swift */ = {isa = PBXFileReference; lastKnownFileType = sourcecode.swift; path = DCI_and_JRPGUITestsLaunchTests.swift; sourceTree = "<group>"; };
/* End PBXFileReference section */

/* Begin PBXFrameworksBuildPhase section */
		F9B7D20E2CD637EA006F522F /* Frameworks */ = {
			isa = PBXFrameworksBuildPhase;
			buildActionMask = 2147483647;
			files = (
			);
			runOnlyForDeploymentPostprocessing = 0;
		};
		F9B7D21F2CD637EC006F522F /* Frameworks */ = {
			isa = PBXFrameworksBuildPhase;
			buildActionMask = 2147483647;
			files = (
			);
			runOnlyForDeploymentPostprocessing = 0;
		};
		F9B7D2292CD637EC006F522F /* Frameworks */ = {
			isa = PBXFrameworksBuildPhase;
			buildActionMask = 2147483647;
			files = (
			);
			runOnlyForDeploymentPostprocessing = 0;
		};
/* End PBXFrameworksBuildPhase section */

/* Begin PBXGroup section */
		F9B7D2082CD637EA006F522F = {
			isa = PBXGroup;
			children = (
				F9B7D2132CD637EA006F522F /* DCI_and_JRPG */,
				F9B7D2252CD637EC006F522F /* DCI_and_JRPGTests */,
				F9B7D22F2CD637EC006F522F /* DCI_and_JRPGUITests */,
				F9B7D2122CD637EA006F522F /* Products */,
			);
			sourceTree = "<group>";
		};
		F9B7D2122CD637EA006F522F /* Products */ = {
			isa = PBXGroup;
			children = (
				F9B7D2112CD637EA006F522F /* DCI_and_JRPG.app */,
				F9B7D2222CD637EC006F522F /* DCI_and_JRPGTests.xctest */,
				F9B7D22C2CD637EC006F522F /* DCI_and_JRPGUITests.xctest */,
			);
			name = Products;
			sourceTree = "<group>";
		};
		F9B7D2132CD637EA006F522F /* DCI_and_JRPG */ = {
			isa = PBXGroup;
			children = (
				F9B7D2142CD637EA006F522F /* DCI_and_JRPGApp.swift */,
				F9B7D2162CD637EA006F522F /* ContentView.swift */,
				F9B7D2182CD637EB006F522F /* Assets.xcassets */,
				F9B7D21D2CD637EB006F522F /* DCI_and_JRPG.entitlements */,
				F9B7D21A2CD637EB006F522F /* Preview Content */,
			);
			path = DCI_and_JRPG;
			sourceTree = "<group>";
		};
		F9B7D21A2CD637EB006F522F /* Preview Content */ = {
			isa = PBXGroup;
			children = (
				F9B7D21B2CD637EB006F522F /* Preview Assets.xcassets */,
			);
			path = "Preview Content";
			sourceTree = "<group>";
		};
		F9B7D2252CD637EC006F522F /* DCI_and_JRPGTests */ = {
			isa = PBXGroup;
			children = (
				F9B7D2262CD637EC006F522F /* DCI_and_JRPGTests.swift */,
			);
			path = DCI_and_JRPGTests;
			sourceTree = "<group>";
		};
		F9B7D22F2CD637EC006F522F /* DCI_and_JRPGUITests */ = {
			isa = PBXGroup;
			children = (
				F9B7D2302CD637EC006F522F /* DCI_and_JRPGUITests.swift */,
				F9B7D2322CD637EC006F522F /* DCI_and_JRPGUITestsLaunchTests.swift */,
			);
			path = DCI_and_JRPGUITests;
			sourceTree = "<group>";
		};
/* End PBXGroup section */

/* Begin PBXNativeTarget section */
		F9B7D2102CD637EA006F522F /* DCI_and_JRPG */ = {
			isa = PBXNativeTarget;
			buildConfigurationList = F9B7D2362CD637EC006F522F /* Build configuration list for PBXNativeTarget "DCI_and_JRPG" */;
			buildPhases = (
				F9B7D20D2CD637EA006F522F /* Sources */,
				F9B7D20E2CD637EA006F522F /* Frameworks */,
				F9B7D20F2CD637EA006F522F /* Resources */,
			);
			buildRules = (
			);
			dependencies = (
			);
			name = DCI_and_JRPG;
			productName = DCI_and_JRPG;
			productReference = F9B7D2112CD637EA006F522F /* DCI_and_JRPG.app */;
			productType = "com.apple.product-type.application";
		};
		F9B7D2212CD637EC006F522F /* DCI_and_JRPGTests */ = {
			isa = PBXNativeTarget;
			buildConfigurationList = F9B7D2392CD637EC006F522F /* Build configuration list for PBXNativeTarget "DCI_and_JRPGTests" */;
			buildPhases = (
				F9B7D21E2CD637EC006F522F /* Sources */,
				F9B7D21F2CD637EC006F522F /* Frameworks */,
				F9B7D2202CD637EC006F522F /* Resources */,
			);
			buildRules = (
			);
			dependencies = (
				F9B7D2242CD637EC006F522F /* PBXTargetDependency */,
			);
			name = DCI_and_JRPGTests;
			productName = DCI_and_JRPGTests;
			productReference = F9B7D2222CD637EC006F522F /* DCI_and_JRPGTests.xctest */;
			productType = "com.apple.product-type.bundle.unit-test";
		};
		F9B7D22B2CD637EC006F522F /* DCI_and_JRPGUITests */ = {
			isa = PBXNativeTarget;
			buildConfigurationList = F9B7D23C2CD637EC006F522F /* Build configuration list for PBXNativeTarget "DCI_and_JRPGUITests" */;
			buildPhases = (
				F9B7D2282CD637EC006F522F /* Sources */,
				F9B7D2292CD637EC006F522F /* Frameworks */,
				F9B7D22A2CD637EC006F522F /* Resources */,
			);
			buildRules = (
			);
			dependencies = (
				F9B7D22E2CD637EC006F522F /* PBXTargetDependency */,
			);
			name = DCI_and_JRPGUITests;
			productName = DCI_and_JRPGUITests;
			productReference = F9B7D22C2CD637EC006F522F /* DCI_and_JRPGUITests.xctest */;
			productType = "com.apple.product-type.bundle.ui-testing";
		};
/* End PBXNativeTarget section */

/* Begin PBXProject section */
		F9B7D2092CD637EA006F522F /* Project object */ = {
			isa = PBXProject;
			attributes = {
				BuildIndependentTargetsInParallel = 1;
				LastSwiftUpdateCheck = 1540;
				LastUpgradeCheck = 1540;
				TargetAttributes = {
					F9B7D2102CD637EA006F522F = {
						CreatedOnToolsVersion = 15.4;
					};
					F9B7D2212CD637EC006F522F = {
						CreatedOnToolsVersion = 15.4;
						TestTargetID = F9B7D2102CD637EA006F522F;
					};
					F9B7D22B2CD637EC006F522F = {
						CreatedOnToolsVersion = 15.4;
						TestTargetID = F9B7D2102CD637EA006F522F;
					};
				};
			};
			buildConfigurationList = F9B7D20C2CD637EA006F522F /* Build configuration list for PBXProject "DCI_and_JRPG" */;
			compatibilityVersion = "Xcode 14.0";
			developmentRegion = en;
			hasScannedForEncodings = 0;
			knownRegions = (
				en,
				Base,
			);
			mainGroup = F9B7D2082CD637EA006F522F;
			productRefGroup = F9B7D2122CD637EA006F522F /* Products */;
			projectDirPath = "";
			projectRoot = "";
			targets = (
				F9B7D2102CD637EA006F522F /* DCI_and_JRPG */,
				F9B7D2212CD637EC006F522F /* DCI_and_JRPGTests */,
				F9B7D22B2CD637EC006F522F /* DCI_and_JRPGUITests */,
			);
		};
/* End PBXProject section */

/* Begin PBXResourcesBuildPhase section */
		F9B7D20F2CD637EA006F522F /* Resources */ = {
			isa = PBXResourcesBuildPhase;
			buildActionMask = 2147483647;
			files = (
				F9B7D21C2CD637EB006F522F /* Preview Assets.xcassets in Resources */,
				F9B7D2192CD637EB006F522F /* Assets.xcassets in Resources */,
			);
			runOnlyForDeploymentPostprocessing = 0;
		};
		F9B7D2202CD637EC006F522F /* Resources */ = {
			isa = PBXResourcesBuildPhase;
			buildActionMask = 2147483647;
			files = (
			);
			runOnlyForDeploymentPostprocessing = 0;
		};
		F9B7D22A2CD637EC006F522F /* Resources */ = {
			isa = PBXResourcesBuildPhase;
			buildActionMask = 2147483647;
			files = (
			);
			runOnlyForDeploymentPostprocessing = 0;
		};
/* End PBXResourcesBuildPhase section */

/* Begin PBXSourcesBuildPhase section */
		F9B7D20D2CD637EA006F522F /* Sources */ = {
			isa = PBXSourcesBuildPhase;
			buildActionMask = 2147483647;
			files = (
				F9B7D2172CD637EA006F522F /* ContentView.swift in Sources */,
				F9B7D2152CD637EA006F522F /* DCI_and_JRPGApp.swift in Sources */,
			);
			runOnlyForDeploymentPostprocessing = 0;
		};
		F9B7D21E2CD637EC006F522F /* Sources */ = {
			isa = PBXSourcesBuildPhase;
			buildActionMask = 2147483647;
			files = (
				F9B7D2272CD637EC006F522F /* DCI_and_JRPGTests.swift in Sources */,
			);
			runOnlyForDeploymentPostprocessing = 0;
		};
		F9B7D2282CD637EC006F522F /* Sources */ = {
			isa = PBXSourcesBuildPhase;
			buildActionMask = 2147483647;
			files = (
				F9B7D2332CD637EC006F522F /* DCI_and_JRPGUITestsLaunchTests.swift in Sources */,
				F9B7D2312CD637EC006F522F /* DCI_and_JRPGUITests.swift in Sources */,
			);
			runOnlyForDeploymentPostprocessing = 0;
		};
/* End PBXSourcesBuildPhase section */

/* Begin PBXTargetDependency section */
		F9B7D2242CD637EC006F522F /* PBXTargetDependency */ = {
			isa = PBXTargetDependency;
			target = F9B7D2102CD637EA006F522F /* DCI_and_JRPG */;
			targetProxy = F9B7D2232CD637EC006F522F /* PBXContainerItemProxy */;
		};
		F9B7D22E2CD637EC006F522F /* PBXTargetDependency */ = {
			isa = PBXTargetDependency;
			target = F9B7D2102CD637EA006F522F /* DCI_and_JRPG */;
			targetProxy = F9B7D22D2CD637EC006F522F /* PBXContainerItemProxy */;
		};
/* End PBXTargetDependency section */

/* Begin XCBuildConfiguration section */
		F9B7D2342CD637EC006F522F /* Debug */ = {
			isa = XCBuildConfiguration;
			buildSettings = {
				ALWAYS_SEARCH_USER_PATHS = NO;
				ASSETCATALOG_COMPILER_GENERATE_SWIFT_ASSET_SYMBOL_EXTENSIONS = YES;
				CLANG_ANALYZER_NONNULL = YES;
				CLANG_ANALYZER_NUMBER_OBJECT_CONVERSION = YES_AGGRESSIVE;
				CLANG_CXX_LANGUAGE_STANDARD = "gnu++20";
				CLANG_ENABLE_MODULES = YES;
				CLANG_ENABLE_OBJC_ARC = YES;
				CLANG_ENABLE_OBJC_WEAK = YES;
				CLANG_WARN_BLOCK_CAPTURE_AUTORELEASING = YES;
				CLANG_WARN_BOOL_CONVERSION = YES;
				CLANG_WARN_COMMA = YES;
				CLANG_WARN_CONSTANT_CONVERSION = YES;
				CLANG_WARN_DEPRECATED_OBJC_IMPLEMENTATIONS = YES;
				CLANG_WARN_DIRECT_OBJC_ISA_USAGE = YES_ERROR;
				CLANG_WARN_DOCUMENTATION_COMMENTS = YES;
				CLANG_WARN_EMPTY_BODY = YES;
				CLANG_WARN_ENUM_CONVERSION = YES;
				CLANG_WARN_INFINITE_RECURSION = YES;
				CLANG_WARN_INT_CONVERSION = YES;
				CLANG_WARN_NON_LITERAL_NULL_CONVERSION = YES;
				CLANG_WARN_OBJC_IMPLICIT_RETAIN_SELF = YES;
				CLANG_WARN_OBJC_LITERAL_CONVERSION = YES;
				CLANG_WARN_OBJC_ROOT_CLASS = YES_ERROR;
				CLANG_WARN_QUOTED_INCLUDE_IN_FRAMEWORK_HEADER = YES;
				CLANG_WARN_RANGE_LOOP_ANALYSIS = YES;
				CLANG_WARN_STRICT_PROTOTYPES = YES;
				CLANG_WARN_SUSPICIOUS_MOVE = YES;
				CLANG_WARN_UNGUARDED_AVAILABILITY = YES_AGGRESSIVE;
				CLANG_WARN_UNREACHABLE_CODE = YES;
				CLANG_WARN__DUPLICATE_METHOD_MATCH = YES;
				COPY_PHASE_STRIP = NO;
				DEBUG_INFORMATION_FORMAT = dwarf;
				ENABLE_STRICT_OBJC_MSGSEND = YES;
				ENABLE_TESTABILITY = YES;
				ENABLE_USER_SCRIPT_SANDBOXING = YES;
				GCC_C_LANGUAGE_STANDARD = gnu17;
				GCC_DYNAMIC_NO_PIC = NO;
				GCC_NO_COMMON_BLOCKS = YES;
				GCC_OPTIMIZATION_LEVEL = 0;
				GCC_PREPROCESSOR_DEFINITIONS = (
					"DEBUG=1",
					"$(inherited)",
				);
				GCC_WARN_64_TO_32_BIT_CONVERSION = YES;
				GCC_WARN_ABOUT_RETURN_TYPE = YES_ERROR;
				GCC_WARN_UNDECLARED_SELECTOR = YES;
				GCC_WARN_UNINITIALIZED_AUTOS = YES_AGGRESSIVE;
				GCC_WARN_UNUSED_FUNCTION = YES;
				GCC_WARN_UNUSED_VARIABLE = YES;
				LOCALIZATION_PREFERS_STRING_CATALOGS = YES;
				MACOSX_DEPLOYMENT_TARGET = 14.5;
				MTL_ENABLE_DEBUG_INFO = INCLUDE_SOURCE;
				MTL_FAST_MATH = YES;
				ONLY_ACTIVE_ARCH = YES;
				SDKROOT = macosx;
				SWIFT_ACTIVE_COMPILATION_CONDITIONS = "DEBUG $(inherited)";
				SWIFT_OPTIMIZATION_LEVEL = "-Onone";
			};
			name = Debug;
		};
		F9B7D2352CD637EC006F522F /* Release */ = {
			isa = XCBuildConfiguration;
			buildSettings = {
				ALWAYS_SEARCH_USER_PATHS = NO;
				ASSETCATALOG_COMPILER_GENERATE_SWIFT_ASSET_SYMBOL_EXTENSIONS = YES;
				CLANG_ANALYZER_NONNULL = YES;
				CLANG_ANALYZER_NUMBER_OBJECT_CONVERSION = YES_AGGRESSIVE;
				CLANG_CXX_LANGUAGE_STANDARD = "gnu++20";
				CLANG_ENABLE_MODULES = YES;
				CLANG_ENABLE_OBJC_ARC = YES;
				CLANG_ENABLE_OBJC_WEAK = YES;
				CLANG_WARN_BLOCK_CAPTURE_AUTORELEASING = YES;
				CLANG_WARN_BOOL_CONVERSION = YES;
				CLANG_WARN_COMMA = YES;
				CLANG_WARN_CONSTANT_CONVERSION = YES;
				CLANG_WARN_DEPRECATED_OBJC_IMPLEMENTATIONS = YES;
				CLANG_WARN_DIRECT_OBJC_ISA_USAGE = YES_ERROR;
				CLANG_WARN_DOCUMENTATION_COMMENTS = YES;
				CLANG_WARN_EMPTY_BODY = YES;
				CLANG_WARN_ENUM_CONVERSION = YES;
				CLANG_WARN_INFINITE_RECURSION = YES;
				CLANG_WARN_INT_CONVERSION = YES;
				CLANG_WARN_NON_LITERAL_NULL_CONVERSION = YES;
				CLANG_WARN_OBJC_IMPLICIT_RETAIN_SELF = YES;
				CLANG_WARN_OBJC_LITERAL_CONVERSION = YES;
				CLANG_WARN_OBJC_ROOT_CLASS = YES_ERROR;
				CLANG_WARN_QUOTED_INCLUDE_IN_FRAMEWORK_HEADER = YES;
				CLANG_WARN_RANGE_LOOP_ANALYSIS = YES;
				CLANG_WARN_STRICT_PROTOTYPES = YES;
				CLANG_WARN_SUSPICIOUS_MOVE = YES;
				CLANG_WARN_UNGUARDED_AVAILABILITY = YES_AGGRESSIVE;
				CLANG_WARN_UNREACHABLE_CODE = YES;
				CLANG_WARN__DUPLICATE_METHOD_MATCH = YES;
				COPY_PHASE_STRIP = NO;
				DEBUG_INFORMATION_FORMAT = "dwarf-with-dsym";
				ENABLE_NS_ASSERTIONS = NO;
				ENABLE_STRICT_OBJC_MSGSEND = YES;
				ENABLE_USER_SCRIPT_SANDBOXING = YES;
				GCC_C_LANGUAGE_STANDARD = gnu17;
				GCC_NO_COMMON_BLOCKS = YES;
				GCC_WARN_64_TO_32_BIT_CONVERSION = YES;
				GCC_WARN_ABOUT_RETURN_TYPE = YES_ERROR;
				GCC_WARN_UNDECLARED_SELECTOR = YES;
				GCC_WARN_UNINITIALIZED_AUTOS = YES_AGGRESSIVE;
				GCC_WARN_UNUSED_FUNCTION = YES;
				GCC_WARN_UNUSED_VARIABLE = YES;
				LOCALIZATION_PREFERS_STRING_CATALOGS = YES;
				MACOSX_DEPLOYMENT_TARGET = 14.5;
				MTL_ENABLE_DEBUG_INFO = NO;
				MTL_FAST_MATH = YES;
				SDKROOT = macosx;
				SWIFT_COMPILATION_MODE = wholemodule;
			};
			name = Release;
		};
		F9B7D2372CD637EC006F522F /* Debug */ = {
			isa = XCBuildConfiguration;
			buildSettings = {
				ASSETCATALOG_COMPILER_APPICON_NAME = AppIcon;
				ASSETCATALOG_COMPILER_GLOBAL_ACCENT_COLOR_NAME = AccentColor;
				CODE_SIGN_ENTITLEMENTS = DCI_and_JRPG/DCI_and_JRPG.entitlements;
				CODE_SIGN_STYLE = Automatic;
				COMBINE_HIDPI_IMAGES = YES;
				CURRENT_PROJECT_VERSION = 1;
				DEVELOPMENT_ASSET_PATHS = "\"DCI_and_JRPG/Preview Content\"";
				ENABLE_PREVIEWS = YES;
				GENERATE_INFOPLIST_FILE = YES;
				INFOPLIST_KEY_NSHumanReadableCopyright = "";
				LD_RUNPATH_SEARCH_PATHS = (
					"$(inherited)",
					"@executable_path/../Frameworks",
				);
				MARKETING_VERSION = 1.0;
				PRODUCT_BUNDLE_IDENTIFIER = "iosTaipei.DCI-and-JRPG";
				PRODUCT_NAME = "$(TARGET_NAME)";
				SWIFT_EMIT_LOC_STRINGS = YES;
				SWIFT_VERSION = 5.0;
			};
			name = Debug;
		};
		F9B7D2382CD637EC006F522F /* Release */ = {
			isa = XCBuildConfiguration;
			buildSettings = {
				ASSETCATALOG_COMPILER_APPICON_NAME = AppIcon;
				ASSETCATALOG_COMPILER_GLOBAL_ACCENT_COLOR_NAME = AccentColor;
				CODE_SIGN_ENTITLEMENTS = DCI_and_JRPG/DCI_and_JRPG.entitlements;
				CODE_SIGN_STYLE = Automatic;
				COMBINE_HIDPI_IMAGES = YES;
				CURRENT_PROJECT_VERSION = 1;
				DEVELOPMENT_ASSET_PATHS = "\"DCI_and_JRPG/Preview Content\"";
				ENABLE_PREVIEWS = YES;
				GENERATE_INFOPLIST_FILE = YES;
				INFOPLIST_KEY_NSHumanReadableCopyright = "";
				LD_RUNPATH_SEARCH_PATHS = (
					"$(inherited)",
					"@executable_path/../Frameworks",
				);
				MARKETING_VERSION = 1.0;
				PRODUCT_BUNDLE_IDENTIFIER = "iosTaipei.DCI-and-JRPG";
				PRODUCT_NAME = "$(TARGET_NAME)";
				SWIFT_EMIT_LOC_STRINGS = YES;
				SWIFT_VERSION = 5.0;
			};
			name = Release;
		};
		F9B7D23A2CD637EC006F522F /* Debug */ = {
			isa = XCBuildConfiguration;
			buildSettings = {
				ALWAYS_EMBED_SWIFT_STANDARD_LIBRARIES = YES;
				BUNDLE_LOADER = "$(TEST_HOST)";
				CODE_SIGN_STYLE = Automatic;
				CURRENT_PROJECT_VERSION = 1;
				GENERATE_INFOPLIST_FILE = YES;
				MACOSX_DEPLOYMENT_TARGET = 14.5;
				MARKETING_VERSION = 1.0;
				PRODUCT_BUNDLE_IDENTIFIER = "iosTaipei.DCI-and-JRPGTests";
				PRODUCT_NAME = "$(TARGET_NAME)";
				SWIFT_EMIT_LOC_STRINGS = NO;
				SWIFT_VERSION = 5.0;
				TEST_HOST = "$(BUILT_PRODUCTS_DIR)/DCI_and_JRPG.app/$(BUNDLE_EXECUTABLE_FOLDER_PATH)/DCI_and_JRPG";
			};
			name = Debug;
		};
		F9B7D23B2CD637EC006F522F /* Release */ = {
			isa = XCBuildConfiguration;
			buildSettings = {
				ALWAYS_EMBED_SWIFT_STANDARD_LIBRARIES = YES;
				BUNDLE_LOADER = "$(TEST_HOST)";
				CODE_SIGN_STYLE = Automatic;
				CURRENT_PROJECT_VERSION = 1;
				GENERATE_INFOPLIST_FILE = YES;
				MACOSX_DEPLOYMENT_TARGET = 14.5;
				MARKETING_VERSION = 1.0;
				PRODUCT_BUNDLE_IDENTIFIER = "iosTaipei.DCI-and-JRPGTests";
				PRODUCT_NAME = "$(TARGET_NAME)";
				SWIFT_EMIT_LOC_STRINGS = NO;
				SWIFT_VERSION = 5.0;
				TEST_HOST = "$(BUILT_PRODUCTS_DIR)/DCI_and_JRPG.app/$(BUNDLE_EXECUTABLE_FOLDER_PATH)/DCI_and_JRPG";
			};
			name = Release;
		};
		F9B7D23D2CD637EC006F522F /* Debug */ = {
			isa = XCBuildConfiguration;
			buildSettings = {
				ALWAYS_EMBED_SWIFT_STANDARD_LIBRARIES = YES;
				CODE_SIGN_STYLE = Automatic;
				CURRENT_PROJECT_VERSION = 1;
				GENERATE_INFOPLIST_FILE = YES;
				MARKETING_VERSION = 1.0;
				PRODUCT_BUNDLE_IDENTIFIER = "iosTaipei.DCI-and-JRPGUITests";
				PRODUCT_NAME = "$(TARGET_NAME)";
				SWIFT_EMIT_LOC_STRINGS = NO;
				SWIFT_VERSION = 5.0;
				TEST_TARGET_NAME = DCI_and_JRPG;
			};
			name = Debug;
		};
		F9B7D23E2CD637EC006F522F /* Release */ = {
			isa = XCBuildConfiguration;
			buildSettings = {
				ALWAYS_EMBED_SWIFT_STANDARD_LIBRARIES = YES;
				CODE_SIGN_STYLE = Automatic;
				CURRENT_PROJECT_VERSION = 1;
				GENERATE_INFOPLIST_FILE = YES;
				MARKETING_VERSION = 1.0;
				PRODUCT_BUNDLE_IDENTIFIER = "iosTaipei.DCI-and-JRPGUITests";
				PRODUCT_NAME = "$(TARGET_NAME)";
				SWIFT_EMIT_LOC_STRINGS = NO;
				SWIFT_VERSION = 5.0;
				TEST_TARGET_NAME = DCI_and_JRPG;
			};
			name = Release;
		};
/* End XCBuildConfiguration section */

/* Begin XCConfigurationList section */
		F9B7D20C2CD637EA006F522F /* Build configuration list for PBXProject "DCI_and_JRPG" */ = {
			isa = XCConfigurationList;
			buildConfigurations = (
				F9B7D2342CD637EC006F522F /* Debug */,
				F9B7D2352CD637EC006F522F /* Release */,
			);
			defaultConfigurationIsVisible = 0;
			defaultConfigurationName = Release;
		};
		F9B7D2362CD637EC006F522F /* Build configuration list for PBXNativeTarget "DCI_and_JRPG" */ = {
			isa = XCConfigurationList;
			buildConfigurations = (
				F9B7D2372CD637EC006F522F /* Debug */,
				F9B7D2382CD637EC006F522F /* Release */,
			);
			defaultConfigurationIsVisible = 0;
			defaultConfigurationName = Release;
		};
		F9B7D2392CD637EC006F522F /* Build configuration list for PBXNativeTarget "DCI_and_JRPGTests" */ = {
			isa = XCConfigurationList;
			buildConfigurations = (
				F9B7D23A2CD637EC006F522F /* Debug */,
				F9B7D23B2CD637EC006F522F /* Release */,
			);
			defaultConfigurationIsVisible = 0;
			defaultConfigurationName = Release;
		};
		F9B7D23C2CD637EC006F522F /* Build configuration list for PBXNativeTarget "DCI_and_JRPGUITests" */ = {
			isa = XCConfigurationList;
			buildConfigurations = (
				F9B7D23D2CD637EC006F522F /* Debug */,
				F9B7D23E2CD637EC006F522F /* Release */,
			);
			defaultConfigurationIsVisible = 0;
			defaultConfigurationName = Release;
		};
/* End XCConfigurationList section */
	};
	rootObject = F9B7D2092CD637EA006F522F /* Project object */;
}
